
Microsoft Visual Studio Solution File, Format Version 12.00
# Visual Studio 15
VisualStudioVersion = 15.0.27004.2005
MinimumVisualStudioVersion = 10.0.40219.1
Project("{FAE04EC0-301F-11D3-BF4B-00C04F79EFBC}") = "quizfun", "quizfun\quizfun.csproj", "{C8A13C62-28E6-4C40-9E93-7C4F31CB87EC}"
EndProject
Project("{2150E333-8FDC-42A3-9474-1A3956D46DE8}") = "Solution Items", "Solution Items", "{73FA3CCE-58DE-4DC7-8382-24350E423D45}"
	ProjectSection(SolutionItems) = preProject
		testQuiz.testsettings = testQuiz.testsettings
	EndProjectSection
EndProject
Global
	GlobalSection(SolutionConfigurationPlatforms) = preSolution
		Debug|Any CPU = Debug|Any CPU
		Release|Any CPU = Release|Any CPU
	EndGlobalSection
	GlobalSection(ProjectConfigurationPlatforms) = postSolution
		{C8A13C62-28E6-4C40-9E93-7C4F31CB87EC}.Debug|Any CPU.ActiveCfg = Debug|Any CPU
		{C8A13C62-28E6-4C40-9E93-7C4F31CB87EC}.Debug|Any CPU.Build.0 = Debug|Any CPU
		{C8A13C62-28E6-4C40-9E93-7C4F31CB87EC}.Release|Any CPU.ActiveCfg = Release|Any CPU
		{C8A13C62-28E6-4C40-9E93-7C4F31CB87EC}.Release|Any CPU.Build.0 = Release|Any CPU
	EndGlobalSection
	GlobalSection(SolutionProperties) = preSolution
		HideSolutionNode = FALSE
	EndGlobalSection
	GlobalSection(ExtensibilityGlobals) = postSolution
		SolutionGuid = {E6D836A0-3762-4964-87C5-F28D4B310705}
	EndGlobalSection
EndGlobal
